// !$*UTF8*$!
{
	archiveVersion = 1;
	classes = {
	};
	objectVersion = 56;
	objects = {

/* Begin PBXBuildFile section */
		91709F342AE06D0F00DC3106 /* BNRObserver.m in Sources */ = {isa = PBXBuildFile; fileRef = 91709F332AE06D0F00DC3106 /* BNRObserver.m */; };
		91ED7E032AD770DC00271FF7 /* main.m in Sources */ = {isa = PBXBuildFile; fileRef = 91ED7E022AD770DC00271FF7 /* main.m */; };
		91ED7E0B2AD7717B00271FF7 /* BNRLogger.m in Sources */ = {isa = PBXBuildFile; fileRef = 91ED7E0A2AD7717B00271FF7 /* BNRLogger.m */; };
/* End PBXBuildFile section */

/* Begin PBXCopyFilesBuildPhase section */
		91ED7DFD2AD770DC00271FF7 /* CopyFiles */ = {
			isa = PBXCopyFilesBuildPhase;
			buildActionMask = 2147483647;
			dstPath = /usr/share/man/man1/;
			dstSubfolderSpec = 0;
			files = (
			);
			runOnlyForDeploymentPostprocessing = 1;
		};
/* End PBXCopyFilesBuildPhase section */

/* Begin PBXFileReference section */
		91709F322AE06D0F00DC3106 /* BNRObserver.h */ = {isa = PBXFileReference; lastKnownFileType = sourcecode.c.h; path = BNRObserver.h; sourceTree = "<group>"; };
		91709F332AE06D0F00DC3106 /* BNRObserver.m */ = {isa = PBXFileReference; lastKnownFileType = sourcecode.c.objc; path = BNRObserver.m; sourceTree = "<group>"; };
		91ED7DFF2AD770DC00271FF7 /* CallBacks */ = {isa = PBXFileReference; explicitFileType = "compiled.mach-o.executable"; includeInIndex = 0; path = CallBacks; sourceTree = BUILT_PRODUCTS_DIR; };
		91ED7E022AD770DC00271FF7 /* main.m */ = {isa = PBXFileReference; lastKnownFileType = sourcecode.c.objc; path = main.m; sourceTree = "<group>"; };
		91ED7E092AD7717B00271FF7 /* BNRLogger.h */ = {isa = PBXFileReference; lastKnownFileType = sourcecode.c.h; path = BNRLogger.h; sourceTree = "<group>"; };
		91ED7E0A2AD7717B00271FF7 /* BNRLogger.m */ = {isa = PBXFileReference; lastKnownFileType = sourcecode.c.objc; path = BNRLogger.m; sourceTree = "<group>"; };
/* End PBXFileReference section */

/* Begin PBXFrameworksBuildPhase section */
		91ED7DFC2AD770DC00271FF7 /* Frameworks */ = {
			isa = PBXFrameworksBuildPhase;
			buildActionMask = 2147483647;
			files = (
			);
			runOnlyForDeploymentPostprocessing = 0;
		};
/* End PBXFrameworksBuildPhase section */

/* Begin PBXGroup section */
		91ED7DF62AD770DC00271FF7 = {
			isa = PBXGroup;
			children = (
				91ED7E012AD770DC00271FF7 /* CallBacks */,
				91ED7E002AD770DC00271FF7 /* Products */,
			);
			sourceTree = "<group>";
		};
		91ED7E002AD770DC00271FF7 /* Products */ = {
			isa = PBXGroup;
			children = (
				91ED7DFF2AD770DC00271FF7 /* CallBacks */,
			);
			name = Products;
			sourceTree = "<group>";
		};
		91ED7E012AD770DC00271FF7 /* CallBacks */ = {
			isa = PBXGroup;
			children = (
				91ED7E022AD770DC00271FF7 /* main.m */,
				91ED7E092AD7717B00271FF7 /* BNRLogger.h */,
				91ED7E0A2AD7717B00271FF7 /* BNRLogger.m */,
				91709F322AE06D0F00DC3106 /* BNRObserver.h */,
				91709F332AE06D0F00DC3106 /* BNRObserver.m */,
			);
			path = CallBacks;
			sourceTree = "<group>";
		};
/* End PBXGroup section */

/* Begin PBXNativeTarget section */
		91ED7DFE2AD770DC00271FF7 /* CallBacks */ = {
			isa = PBXNativeTarget;
			buildConfigurationList = 91ED7E062AD770DC00271FF7 /* Build configuration list for PBXNativeTarget "CallBacks" */;
			buildPhases = (
				91ED7DFB2AD770DC00271FF7 /* Sources */,
				91ED7DFC2AD770DC00271FF7 /* Frameworks */,
				91ED7DFD2AD770DC00271FF7 /* CopyFiles */,
			);
			buildRules = (
			);
			dependencies = (
			);
			name = CallBacks;
			productName = CallBacks;
			productReference = 91ED7DFF2AD770DC00271FF7 /* CallBacks */;
			productType = "com.apple.product-type.tool";
		};
/* End PBXNativeTarget section */

/* Begin PBXProject section */
		91ED7DF72AD770DC00271FF7 /* Project object */ = {
			isa = PBXProject;
			attributes = {
				BuildIndependentTargetsInParallel = 1;
				LastUpgradeCheck = 1500;
				TargetAttributes = {
					91ED7DFE2AD770DC00271FF7 = {
						CreatedOnToolsVersion = 15.0;
					};
				};
			};
			buildConfigurationList = 91ED7DFA2AD770DC00271FF7 /* Build configuration list for PBXProject "CallBacks" */;
			compatibilityVersion = "Xcode 14.0";
			developmentRegion = en;
			hasScannedForEncodings = 0;
			knownRegions = (
				en,
				Base,
			);
			mainGroup = 91ED7DF62AD770DC00271FF7;
			productRefGroup = 91ED7E002AD770DC00271FF7 /* Products */;
			projectDirPath = "";
			projectRoot = "";
			targets = (
				91ED7DFE2AD770DC00271FF7 /* CallBacks */,
			);
		};
/* End PBXProject section */

/* Begin PBXSourcesBuildPhase section */
		91ED7DFB2AD770DC00271FF7 /* Sources */ = {
			isa = PBXSourcesBuildPhase;
			buildActionMask = 2147483647;
			files = (
				91ED7E0B2AD7717B00271FF7 /* BNRLogger.m in Sources */,
				91709F342AE06D0F00DC3106 /* BNRObserver.m in Sources */,
				91ED7E032AD770DC00271FF7 /* main.m in Sources */,
			);
			runOnlyForDeploymentPostprocessing = 0;
		};
/* End PBXSourcesBuildPhase section */

/* Begin XCBuildConfiguration section */
		91ED7E042AD770DC00271FF7 /* Debug */ = {
			isa = XCBuildConfiguration;
			buildSettings = {
				ALWAYS_SEARCH_USER_PATHS = NO;
				ASSETCATALOG_COMPILER_GENERATE_SWIFT_ASSET_SYMBOL_EXTENSIONS = YES;
				CLANG_ANALYZER_NONNULL = YES;
				CLANG_ANALYZER_NUMBER_OBJECT_CONVERSION = YES_AGGRESSIVE;
				CLANG_CXX_LANGUAGE_STANDARD = "gnu++20";
				CLANG_ENABLE_MODULES = YES;
				CLANG_ENABLE_OBJC_ARC = YES;
				CLANG_ENABLE_OBJC_WEAK = YES;
				CLANG_WARN_BLOCK_CAPTURE_AUTORELEASING = YES;
				CLANG_WARN_BOOL_CONVERSION = YES;
				CLANG_WARN_COMMA = YES;
				CLANG_WARN_CONSTANT_CONVERSION = YES;
				CLANG_WARN_DEPRECATED_OBJC_IMPLEMENTATIONS = YES;
				CLANG_WARN_DIRECT_OBJC_ISA_USAGE = YES_ERROR;
				CLANG_WARN_DOCUMENTATION_COMMENTS = YES;
				CLANG_WARN_EMPTY_BODY = YES;
				CLANG_WARN_ENUM_CONVERSION = YES;
				CLANG_WARN_INFINITE_RECURSION = YES;
				CLANG_WARN_INT_CONVERSION = YES;
				CLANG_WARN_NON_LITERAL_NULL_CONVERSION = YES;
				CLANG_WARN_OBJC_IMPLICIT_RETAIN_SELF = YES;
				CLANG_WARN_OBJC_LITERAL_CONVERSION = YES;
				CLANG_WARN_OBJC_ROOT_CLASS = YES_ERROR;
				CLANG_WARN_QUOTED_INCLUDE_IN_FRAMEWORK_HEADER = YES;
				CLANG_WARN_RANGE_LOOP_ANALYSIS = YES;
				CLANG_WARN_STRICT_PROTOTYPES = YES;
				CLANG_WARN_SUSPICIOUS_MOVE = YES;
				CLANG_WARN_UNGUARDED_AVAILABILITY = YES_AGGRESSIVE;
				CLANG_WARN_UNREACHABLE_CODE = YES;
				CLANG_WARN__DUPLICATE_METHOD_MATCH = YES;
				COPY_PHASE_STRIP = NO;
				DEBUG_INFORMATION_FORMAT = dwarf;
				ENABLE_STRICT_OBJC_MSGSEND = YES;
				ENABLE_TESTABILITY = YES;
				ENABLE_USER_SCRIPT_SANDBOXING = YES;
				GCC_C_LANGUAGE_STANDARD = gnu17;
				GCC_DYNAMIC_NO_PIC = NO;
				GCC_NO_COMMON_BLOCKS = YES;
				GCC_OPTIMIZATION_LEVEL = 0;
				GCC_PREPROCESSOR_DEFINITIONS = (
					"DEBUG=1",
					"$(inherited)",
				);
				GCC_WARN_64_TO_32_BIT_CONVERSION = YES;
				GCC_WARN_ABOUT_RETURN_TYPE = YES_ERROR;
				GCC_WARN_UNDECLARED_SELECTOR = YES;
				GCC_WARN_UNINITIALIZED_AUTOS = YES_AGGRESSIVE;
				GCC_WARN_UNUSED_FUNCTION = YES;
				GCC_WARN_UNUSED_VARIABLE = YES;
				LOCALIZATION_PREFERS_STRING_CATALOGS = YES;
				MACOSX_DEPLOYMENT_TARGET = 14.0;
				MTL_ENABLE_DEBUG_INFO = INCLUDE_SOURCE;
				MTL_FAST_MATH = YES;
				ONLY_ACTIVE_ARCH = YES;
				SDKROOT = macosx;
			};
			name = Debug;
		};
		91ED7E052AD770DC00271FF7 /* Release */ = {
			isa = XCBuildConfiguration;
			buildSettings = {
				ALWAYS_SEARCH_USER_PATHS = NO;
				ASSETCATALOG_COMPILER_GENERATE_SWIFT_ASSET_SYMBOL_EXTENSIONS = YES;
				CLANG_ANALYZER_NONNULL = YES;
				CLANG_ANALYZER_NUMBER_OBJECT_CONVERSION = YES_AGGRESSIVE;
				CLANG_CXX_LANGUAGE_STANDARD = "gnu++20";
				CLANG_ENABLE_MODULES = YES;
				CLANG_ENABLE_OBJC_ARC = YES;
				CLANG_ENABLE_OBJC_WEAK = YES;
				CLANG_WARN_BLOCK_CAPTURE_AUTORELEASING = YES;
				CLANG_WARN_BOOL_CONVERSION = YES;
				CLANG_WARN_COMMA = YES;
				CLANG_WARN_CONSTANT_CONVERSION = YES;
				CLANG_WARN_DEPRECATED_OBJC_IMPLEMENTATIONS = YES;
				CLANG_WARN_DIRECT_OBJC_ISA_USAGE = YES_ERROR;
				CLANG_WARN_DOCUMENTATION_COMMENTS = YES;
				CLANG_WARN_EMPTY_BODY = YES;
				CLANG_WARN_ENUM_CONVERSION = YES;
				CLANG_WARN_INFINITE_RECURSION = YES;
				CLANG_WARN_INT_CONVERSION = YES;
				CLANG_WARN_NON_LITERAL_NULL_CONVERSION = YES;
				CLANG_WARN_OBJC_IMPLICIT_RETAIN_SELF = YES;
				CLANG_WARN_OBJC_LITERAL_CONVERSION = YES;
				CLANG_WARN_OBJC_ROOT_CLASS = YES_ERROR;
				CLANG_WARN_QUOTED_INCLUDE_IN_FRAMEWORK_HEADER = YES;
				CLANG_WARN_RANGE_LOOP_ANALYSIS = YES;
				CLANG_WARN_STRICT_PROTOTYPES = YES;
				CLANG_WARN_SUSPICIOUS_MOVE = YES;
				CLANG_WARN_UNGUARDED_AVAILABILITY = YES_AGGRESSIVE;
				CLANG_WARN_UNREACHABLE_CODE = YES;
				CLANG_WARN__DUPLICATE_METHOD_MATCH = YES;
				COPY_PHASE_STRIP = NO;
				DEBUG_INFORMATION_FORMAT = "dwarf-with-dsym";
				ENABLE_NS_ASSERTIONS = NO;
				ENABLE_STRICT_OBJC_MSGSEND = YES;
				ENABLE_USER_SCRIPT_SANDBOXING = YES;
				GCC_C_LANGUAGE_STANDARD = gnu17;
				GCC_NO_COMMON_BLOCKS = YES;
				GCC_WARN_64_TO_32_BIT_CONVERSION = YES;
				GCC_WARN_ABOUT_RETURN_TYPE = YES_ERROR;
				GCC_WARN_UNDECLARED_SELECTOR = YES;
				GCC_WARN_UNINITIALIZED_AUTOS = YES_AGGRESSIVE;
				GCC_WARN_UNUSED_FUNCTION = YES;
				GCC_WARN_UNUSED_VARIABLE = YES;
				LOCALIZATION_PREFERS_STRING_CATALOGS = YES;
				MACOSX_DEPLOYMENT_TARGET = 14.0;
				MTL_ENABLE_DEBUG_INFO = NO;
				MTL_FAST_MATH = YES;
				SDKROOT = macosx;
			};
			name = Release;
		};
		91ED7E072AD770DC00271FF7 /* Debug */ = {
			isa = XCBuildConfiguration;
			buildSettings = {
				CODE_SIGN_STYLE = Automatic;
				DEVELOPMENT_TEAM = 5W6R39BDA5;
				ENABLE_HARDENED_RUNTIME = YES;
				PRODUCT_NAME = "$(TARGET_NAME)";
			};
			name = Debug;
		};
		91ED7E082AD770DC00271FF7 /* Release */ = {
			isa = XCBuildConfiguration;
			buildSettings = {
				CODE_SIGN_STYLE = Automatic;
				DEVELOPMENT_TEAM = 5W6R39BDA5;
				ENABLE_HARDENED_RUNTIME = YES;
				PRODUCT_NAME = "$(TARGET_NAME)";
			};
			name = Release;
		};
/* End XCBuildConfiguration section */

/* Begin XCConfigurationList section */
		91ED7DFA2AD770DC00271FF7 /* Build configuration list for PBXProject "CallBacks" */ = {
			isa = XCConfigurationList;
			buildConfigurations = (
				91ED7E042AD770DC00271FF7 /* Debug */,
				91ED7E052AD770DC00271FF7 /* Release */,
			);
			defaultConfigurationIsVisible = 0;
			defaultConfigurationName = Release;
		};
		91ED7E062AD770DC00271FF7 /* Build configuration list for PBXNativeTarget "CallBacks" */ = {
			isa = XCConfigurationList;
			buildConfigurations = (
				91ED7E072AD770DC00271FF7 /* Debug */,
				91ED7E082AD770DC00271FF7 /* Release */,
			);
			defaultConfigurationIsVisible = 0;
			defaultConfigurationName = Release;
		};
/* End XCConfigurationList section */
	};
	rootObject = 91ED7DF72AD770DC00271FF7 /* Project object */;
}
